
Microsoft Visual Studio Solution File, Format Version 12.00
# Visual Studio 15
VisualStudioVersion = 15.0.28307.271
MinimumVisualStudioVersion = 10.0.40219.1
Project("{FAE04EC0-301F-11D3-BF4B-00C04F79EFBC}") = "SK-DiscordRPC", "SK-DiscordRPC\SK-DiscordRPC.csproj", "{4CF95141-5B0A-4B17-8E89-EF0F17DEF9A5}"
EndProject
Global
	GlobalSection(SolutionConfigurationPlatforms) = preSolution
		Debug|Any CPU = Debug|Any CPU
		Release|Any CPU = Release|Any CPU
	EndGlobalSection
	GlobalSection(ProjectConfigurationPlatforms) = postSolution
		{4CF95141-5B0A-4B17-8E89-EF0F17DEF9A5}.Debug|Any CPU.ActiveCfg = Debug|Any CPU
		{4CF95141-5B0A-4B17-8E89-EF0F17DEF9A5}.Debug|Any CPU.Build.0 = Debug|Any CPU
		{4CF95141-5B0A-4B17-8E89-EF0F17DEF9A5}.Release|Any CPU.ActiveCfg = Release|Any CPU
		{4CF95141-5B0A-4B17-8E89-EF0F17DEF9A5}.Release|Any CPU.Build.0 = Release|Any CPU
	EndGlobalSection
	GlobalSection(SolutionProperties) = preSolution
		HideSolutionNode = FALSE
	EndGlobalSection
	GlobalSection(ExtensibilityGlobals) = postSolution
		SolutionGuid = {55AABCC5-905C-439B-91BB-0BC4B21879B2}
	EndGlobalSection
EndGlobal
